// !$*UTF8*$!
{
	archiveVersion = 1;
	classes = {
	};
	objectVersion = 50;
	objects = {

/* Begin PBXBuildFile section */
		92D5C4E622DE4093008FE16E /* AppDelegate.swift in Sources */ = {isa = PBXBuildFile; fileRef = 92D5C4E522DE4093008FE16E /* AppDelegate.swift */; };
		92D5C4E822DE4093008FE16E /* SceneDelegate.swift in Sources */ = {isa = PBXBuildFile; fileRef = 92D5C4E722DE4093008FE16E /* SceneDelegate.swift */; };
		92D5C4EA22DE4093008FE16E /* ContentView.swift in Sources */ = {isa = PBXBuildFile; fileRef = 92D5C4E922DE4093008FE16E /* ContentView.swift */; };
		92D5C4EC22DE4093008FE16E /* Assets.xcassets in Resources */ = {isa = PBXBuildFile; fileRef = 92D5C4EB22DE4093008FE16E /* Assets.xcassets */; };
		92D5C4EF22DE4093008FE16E /* Preview Assets.xcassets in Resources */ = {isa = PBXBuildFile; fileRef = 92D5C4EE22DE4093008FE16E /* Preview Assets.xcassets */; };
		92D5C4F222DE4093008FE16E /* LaunchScreen.storyboard in Resources */ = {isa = PBXBuildFile; fileRef = 92D5C4F022DE4093008FE16E /* LaunchScreen.storyboard */; };
		92D5C4FA22DE40AC008FE16E /* FancyTimer.swift in Sources */ = {isa = PBXBuildFile; fileRef = 92D5C4F922DE40AC008FE16E /* FancyTimer.swift */; };
/* End PBXBuildFile section */

/* Begin PBXFileReference section */
		92D5C4E222DE4093008FE16E /* Timer_Display.app */ = {isa = PBXFileReference; explicitFileType = wrapper.application; includeInIndex = 0; path = Timer_Display.app; sourceTree = BUILT_PRODUCTS_DIR; };
		92D5C4E522DE4093008FE16E /* AppDelegate.swift */ = {isa = PBXFileReference; lastKnownFileType = sourcecode.swift; path = AppDelegate.swift; sourceTree = "<group>"; };
		92D5C4E722DE4093008FE16E /* SceneDelegate.swift */ = {isa = PBXFileReference; lastKnownFileType = sourcecode.swift; path = SceneDelegate.swift; sourceTree = "<group>"; };
		92D5C4E922DE4093008FE16E /* ContentView.swift */ = {isa = PBXFileReference; lastKnownFileType = sourcecode.swift; path = ContentView.swift; sourceTree = "<group>"; };
		92D5C4EB22DE4093008FE16E /* Assets.xcassets */ = {isa = PBXFileReference; lastKnownFileType = folder.assetcatalog; path = Assets.xcassets; sourceTree = "<group>"; };
		92D5C4EE22DE4093008FE16E /* Preview Assets.xcassets */ = {isa = PBXFileReference; lastKnownFileType = folder.assetcatalog; path = "Preview Assets.xcassets"; sourceTree = "<group>"; };
		92D5C4F122DE4093008FE16E /* Base */ = {isa = PBXFileReference; lastKnownFileType = file.storyboard; name = Base; path = Base.lproj/LaunchScreen.storyboard; sourceTree = "<group>"; };
		92D5C4F322DE4093008FE16E /* Info.plist */ = {isa = PBXFileReference; lastKnownFileType = text.plist.xml; path = Info.plist; sourceTree = "<group>"; };
		92D5C4F922DE40AC008FE16E /* FancyTimer.swift */ = {isa = PBXFileReference; lastKnownFileType = sourcecode.swift; path = FancyTimer.swift; sourceTree = "<group>"; };
/* End PBXFileReference section */

/* Begin PBXFrameworksBuildPhase section */
		92D5C4DF22DE4093008FE16E /* Frameworks */ = {
			isa = PBXFrameworksBuildPhase;
			buildActionMask = 2147483647;
			files = (
			);
			runOnlyForDeploymentPostprocessing = 0;
		};
/* End PBXFrameworksBuildPhase section */

/* Begin PBXGroup section */
		92D5C4D922DE4093008FE16E = {
			isa = PBXGroup;
			children = (
				92D5C4E422DE4093008FE16E /* Timer_Display */,
				92D5C4E322DE4093008FE16E /* Products */,
			);
			sourceTree = "<group>";
		};
		92D5C4E322DE4093008FE16E /* Products */ = {
			isa = PBXGroup;
			children = (
				92D5C4E222DE4093008FE16E /* Timer_Display.app */,
			);
			name = Products;
			sourceTree = "<group>";
		};
		92D5C4E422DE4093008FE16E /* Timer_Display */ = {
			isa = PBXGroup;
			children = (
				92D5C4E522DE4093008FE16E /* AppDelegate.swift */,
				92D5C4E722DE4093008FE16E /* SceneDelegate.swift */,
				92D5C4E922DE4093008FE16E /* ContentView.swift */,
				92D5C4F922DE40AC008FE16E /* FancyTimer.swift */,
				92D5C4EB22DE4093008FE16E /* Assets.xcassets */,
				92D5C4F022DE4093008FE16E /* LaunchScreen.storyboard */,
				92D5C4F322DE4093008FE16E /* Info.plist */,
				92D5C4ED22DE4093008FE16E /* Preview Content */,
			);
			path = Timer_Display;
			sourceTree = "<group>";
		};
		92D5C4ED22DE4093008FE16E /* Preview Content */ = {
			isa = PBXGroup;
			children = (
				92D5C4EE22DE4093008FE16E /* Preview Assets.xcassets */,
			);
			path = "Preview Content";
			sourceTree = "<group>";
		};
/* End PBXGroup section */

/* Begin PBXNativeTarget section */
		92D5C4E122DE4093008FE16E /* Timer_Display */ = {
			isa = PBXNativeTarget;
			buildConfigurationList = 92D5C4F622DE4093008FE16E /* Build configuration list for PBXNativeTarget "Timer_Display" */;
			buildPhases = (
				92D5C4DE22DE4093008FE16E /* Sources */,
				92D5C4DF22DE4093008FE16E /* Frameworks */,
				92D5C4E022DE4093008FE16E /* Resources */,
			);
			buildRules = (
			);
			dependencies = (
			);
			name = Timer_Display;
			productName = Timer_Display;
			productReference = 92D5C4E222DE4093008FE16E /* Timer_Display.app */;
			productType = "com.apple.product-type.application";
		};
/* End PBXNativeTarget section */

/* Begin PBXProject section */
		92D5C4DA22DE4093008FE16E /* Project object */ = {
			isa = PBXProject;
			attributes = {
				LastSwiftUpdateCheck = 1100;
				LastUpgradeCheck = 1100;
				ORGANIZATIONNAME = "Sonali Marlin";
				TargetAttributes = {
					92D5C4E122DE4093008FE16E = {
						CreatedOnToolsVersion = 11.0;
					};
				};
			};
			buildConfigurationList = 92D5C4DD22DE4093008FE16E /* Build configuration list for PBXProject "Timer_Display" */;
			compatibilityVersion = "Xcode 9.3";
			developmentRegion = en;
			hasScannedForEncodings = 0;
			knownRegions = (
				en,
				Base,
			);
			mainGroup = 92D5C4D922DE4093008FE16E;
			productRefGroup = 92D5C4E322DE4093008FE16E /* Products */;
			projectDirPath = "";
			projectRoot = "";
			targets = (
				92D5C4E122DE4093008FE16E /* Timer_Display */,
			);
		};
/* End PBXProject section */

/* Begin PBXResourcesBuildPhase section */
		92D5C4E022DE4093008FE16E /* Resources */ = {
			isa = PBXResourcesBuildPhase;
			buildActionMask = 2147483647;
			files = (
				92D5C4F222DE4093008FE16E /* LaunchScreen.storyboard in Resources */,
				92D5C4EF22DE4093008FE16E /* Preview Assets.xcassets in Resources */,
				92D5C4EC22DE4093008FE16E /* Assets.xcassets in Resources */,
			);
			runOnlyForDeploymentPostprocessing = 0;
		};
/* End PBXResourcesBuildPhase section */

/* Begin PBXSourcesBuildPhase section */
		92D5C4DE22DE4093008FE16E /* Sources */ = {
			isa = PBXSourcesBuildPhase;
			buildActionMask = 2147483647;
			files = (
				92D5C4E622DE4093008FE16E /* AppDelegate.swift in Sources */,
				92D5C4FA22DE40AC008FE16E /* FancyTimer.swift in Sources */,
				92D5C4E822DE4093008FE16E /* SceneDelegate.swift in Sources */,
				92D5C4EA22DE4093008FE16E /* ContentView.swift in Sources */,
			);
			runOnlyForDeploymentPostprocessing = 0;
		};
/* End PBXSourcesBuildPhase section */

/* Begin PBXVariantGroup section */
		92D5C4F022DE4093008FE16E /* LaunchScreen.storyboard */ = {
			isa = PBXVariantGroup;
			children = (
				92D5C4F122DE4093008FE16E /* Base */,
			);
			name = LaunchScreen.storyboard;
			sourceTree = "<group>";
		};
/* End PBXVariantGroup section */

/* Begin XCBuildConfiguration section */
		92D5C4F422DE4093008FE16E /* Debug */ = {
			isa = XCBuildConfiguration;
			buildSettings = {
				ALWAYS_SEARCH_USER_PATHS = NO;
				CLANG_ANALYZER_NONNULL = YES;
				CLANG_ANALYZER_NUMBER_OBJECT_CONVERSION = YES_AGGRESSIVE;
				CLANG_CXX_LANGUAGE_STANDARD = "gnu++14";
				CLANG_CXX_LIBRARY = "libc++";
				CLANG_ENABLE_MODULES = YES;
				CLANG_ENABLE_OBJC_ARC = YES;
				CLANG_ENABLE_OBJC_WEAK = YES;
				CLANG_WARN_BLOCK_CAPTURE_AUTORELEASING = YES;
				CLANG_WARN_BOOL_CONVERSION = YES;
				CLANG_WARN_COMMA = YES;
				CLANG_WARN_CONSTANT_CONVERSION = YES;
				CLANG_WARN_DEPRECATED_OBJC_IMPLEMENTATIONS = YES;
				CLANG_WARN_DIRECT_OBJC_ISA_USAGE = YES_ERROR;
				CLANG_WARN_DOCUMENTATION_COMMENTS = YES;
				CLANG_WARN_EMPTY_BODY = YES;
				CLANG_WARN_ENUM_CONVERSION = YES;
				CLANG_WARN_INFINITE_RECURSION = YES;
				CLANG_WARN_INT_CONVERSION = YES;
				CLANG_WARN_NON_LITERAL_NULL_CONVERSION = YES;
				CLANG_WARN_OBJC_IMPLICIT_RETAIN_SELF = YES;
				CLANG_WARN_OBJC_LITERAL_CONVERSION = YES;
				CLANG_WARN_OBJC_ROOT_CLASS = YES_ERROR;
				CLANG_WARN_RANGE_LOOP_ANALYSIS = YES;
				CLANG_WARN_STRICT_PROTOTYPES = YES;
				CLANG_WARN_SUSPICIOUS_MOVE = YES;
				CLANG_WARN_UNGUARDED_AVAILABILITY = YES_AGGRESSIVE;
				CLANG_WARN_UNREACHABLE_CODE = YES;
				CLANG_WARN__DUPLICATE_METHOD_MATCH = YES;
				COPY_PHASE_STRIP = NO;
				DEBUG_INFORMATION_FORMAT = dwarf;
				ENABLE_STRICT_OBJC_MSGSEND = YES;
				ENABLE_TESTABILITY = YES;
				GCC_C_LANGUAGE_STANDARD = gnu11;
				GCC_DYNAMIC_NO_PIC = NO;
				GCC_NO_COMMON_BLOCKS = YES;
				GCC_OPTIMIZATION_LEVEL = 0;
				GCC_PREPROCESSOR_DEFINITIONS = (
					"DEBUG=1",
					"$(inherited)",
				);
				GCC_WARN_64_TO_32_BIT_CONVERSION = YES;
				GCC_WARN_ABOUT_RETURN_TYPE = YES_ERROR;
				GCC_WARN_UNDECLARED_SELECTOR = YES;
				GCC_WARN_UNINITIALIZED_AUTOS = YES_AGGRESSIVE;
				GCC_WARN_UNUSED_FUNCTION = YES;
				GCC_WARN_UNUSED_VARIABLE = YES;
				IPHONEOS_DEPLOYMENT_TARGET = 13.0;
				MTL_ENABLE_DEBUG_INFO = INCLUDE_SOURCE;
				MTL_FAST_MATH = YES;
				ONLY_ACTIVE_ARCH = YES;
				SDKROOT = iphoneos;
				SWIFT_ACTIVE_COMPILATION_CONDITIONS = DEBUG;
				SWIFT_OPTIMIZATION_LEVEL = "-Onone";
			};
			name = Debug;
		};
		92D5C4F522DE4093008FE16E /* Release */ = {
			isa = XCBuildConfiguration;
			buildSettings = {
				ALWAYS_SEARCH_USER_PATHS = NO;
				CLANG_ANALYZER_NONNULL = YES;
				CLANG_ANALYZER_NUMBER_OBJECT_CONVERSION = YES_AGGRESSIVE;
				CLANG_CXX_LANGUAGE_STANDARD = "gnu++14";
				CLANG_CXX_LIBRARY = "libc++";
				CLANG_ENABLE_MODULES = YES;
				CLANG_ENABLE_OBJC_ARC = YES;
				CLANG_ENABLE_OBJC_WEAK = YES;
				CLANG_WARN_BLOCK_CAPTURE_AUTORELEASING = YES;
				CLANG_WARN_BOOL_CONVERSION = YES;
				CLANG_WARN_COMMA = YES;
				CLANG_WARN_CONSTANT_CONVERSION = YES;
				CLANG_WARN_DEPRECATED_OBJC_IMPLEMENTATIONS = YES;
				CLANG_WARN_DIRECT_OBJC_ISA_USAGE = YES_ERROR;
				CLANG_WARN_DOCUMENTATION_COMMENTS = YES;
				CLANG_WARN_EMPTY_BODY = YES;
				CLANG_WARN_ENUM_CONVERSION = YES;
				CLANG_WARN_INFINITE_RECURSION = YES;
				CLANG_WARN_INT_CONVERSION = YES;
				CLANG_WARN_NON_LITERAL_NULL_CONVERSION = YES;
				CLANG_WARN_OBJC_IMPLICIT_RETAIN_SELF = YES;
				CLANG_WARN_OBJC_LITERAL_CONVERSION = YES;
				CLANG_WARN_OBJC_ROOT_CLASS = YES_ERROR;
				CLANG_WARN_RANGE_LOOP_ANALYSIS = YES;
				CLANG_WARN_STRICT_PROTOTYPES = YES;
				CLANG_WARN_SUSPICIOUS_MOVE = YES;
				CLANG_WARN_UNGUARDED_AVAILABILITY = YES_AGGRESSIVE;
				CLANG_WARN_UNREACHABLE_CODE = YES;
				CLANG_WARN__DUPLICATE_METHOD_MATCH = YES;
				COPY_PHASE_STRIP = NO;
				DEBUG_INFORMATION_FORMAT = "dwarf-with-dsym";
				ENABLE_NS_ASSERTIONS = NO;
				ENABLE_STRICT_OBJC_MSGSEND = YES;
				GCC_C_LANGUAGE_STANDARD = gnu11;
				GCC_NO_COMMON_BLOCKS = YES;
				GCC_WARN_64_TO_32_BIT_CONVERSION = YES;
				GCC_WARN_ABOUT_RETURN_TYPE = YES_ERROR;
				GCC_WARN_UNDECLARED_SELECTOR = YES;
				GCC_WARN_UNINITIALIZED_AUTOS = YES_AGGRESSIVE;
				GCC_WARN_UNUSED_FUNCTION = YES;
				GCC_WARN_UNUSED_VARIABLE = YES;
				IPHONEOS_DEPLOYMENT_TARGET = 13.0;
				MTL_ENABLE_DEBUG_INFO = NO;
				MTL_FAST_MATH = YES;
				SDKROOT = iphoneos;
				SWIFT_COMPILATION_MODE = wholemodule;
				SWIFT_OPTIMIZATION_LEVEL = "-O";
				VALIDATE_PRODUCT = YES;
			};
			name = Release;
		};
		92D5C4F722DE4093008FE16E /* Debug */ = {
			isa = XCBuildConfiguration;
			buildSettings = {
				ASSETCATALOG_COMPILER_APPICON_NAME = AppIcon;
				CODE_SIGN_STYLE = Automatic;
				DEVELOPMENT_ASSET_PATHS = "Timer_Display/Preview\\ Content";
				DEVELOPMENT_TEAM = FG3Y9XZ8MM;
				ENABLE_PREVIEWS = YES;
				INFOPLIST_FILE = Timer_Display/Info.plist;
				LD_RUNPATH_SEARCH_PATHS = (
					"$(inherited)",
					"@executable_path/Frameworks",
				);
				PRODUCT_BUNDLE_IDENTIFIER = "com.sonalimarlin.Timer-Display";
				PRODUCT_NAME = "$(TARGET_NAME)";
				SWIFT_VERSION = 5.0;
				TARGETED_DEVICE_FAMILY = "1,2";
			};
			name = Debug;
		};
		92D5C4F822DE4093008FE16E /* Release */ = {
			isa = XCBuildConfiguration;
			buildSettings = {
				ASSETCATALOG_COMPILER_APPICON_NAME = AppIcon;
				CODE_SIGN_STYLE = Automatic;
				DEVELOPMENT_ASSET_PATHS = "Timer_Display/Preview\\ Content";
				DEVELOPMENT_TEAM = FG3Y9XZ8MM;
				ENABLE_PREVIEWS = YES;
				INFOPLIST_FILE = Timer_Display/Info.plist;
				LD_RUNPATH_SEARCH_PATHS = (
					"$(inherited)",
					"@executable_path/Frameworks",
				);
				PRODUCT_BUNDLE_IDENTIFIER = "com.sonalimarlin.Timer-Display";
				PRODUCT_NAME = "$(TARGET_NAME)";
				SWIFT_VERSION = 5.0;
				TARGETED_DEVICE_FAMILY = "1,2";
			};
			name = Release;
		};
/* End XCBuildConfiguration section */

/* Begin XCConfigurationList section */
		92D5C4DD22DE4093008FE16E /* Build configuration list for PBXProject "Timer_Display" */ = {
			isa = XCConfigurationList;
			buildConfigurations = (
				92D5C4F422DE4093008FE16E /* Debug */,
				92D5C4F522DE4093008FE16E /* Release */,
			);
			defaultConfigurationIsVisible = 0;
			defaultConfigurationName = Release;
		};
		92D5C4F622DE4093008FE16E /* Build configuration list for PBXNativeTarget "Timer_Display" */ = {
			isa = XCConfigurationList;
			buildConfigurations = (
				92D5C4F722DE4093008FE16E /* Debug */,
				92D5C4F822DE4093008FE16E /* Release */,
			);
			defaultConfigurationIsVisible = 0;
			defaultConfigurationName = Release;
		};
/* End XCConfigurationList section */
	};
	rootObject = 92D5C4DA22DE4093008FE16E /* Project object */;
}
